// !$*UTF8*$!
{
	archiveVersion = 1;
	classes = {
	};
	objectVersion = 56;
	objects = {

/* Begin PBXBuildFile section */
		718C361A2A67ED0400BD7E2B /* AppDelegate.swift in Sources */ = {isa = PBXBuildFile; fileRef = 718C36192A67ED0400BD7E2B /* AppDelegate.swift */; };
		718C361C2A67ED0400BD7E2B /* SceneDelegate.swift in Sources */ = {isa = PBXBuildFile; fileRef = 718C361B2A67ED0400BD7E2B /* SceneDelegate.swift */; };
		718C361E2A67ED0400BD7E2B /* ViewController.swift in Sources */ = {isa = PBXBuildFile; fileRef = 718C361D2A67ED0400BD7E2B /* ViewController.swift */; };
		718C36212A67ED0400BD7E2B /* Main.storyboard in Resources */ = {isa = PBXBuildFile; fileRef = 718C361F2A67ED0400BD7E2B /* Main.storyboard */; };
		718C36232A67ED0600BD7E2B /* Assets.xcassets in Resources */ = {isa = PBXBuildFile; fileRef = 718C36222A67ED0600BD7E2B /* Assets.xcassets */; };
		718C36262A67ED0600BD7E2B /* LaunchScreen.storyboard in Resources */ = {isa = PBXBuildFile; fileRef = 718C36242A67ED0600BD7E2B /* LaunchScreen.storyboard */; };
		718C36312A67ED0600BD7E2B /* MinimumTimerTests.swift in Sources */ = {isa = PBXBuildFile; fileRef = 718C36302A67ED0600BD7E2B /* MinimumTimerTests.swift */; };
		718C363B2A67ED0600BD7E2B /* MinimumTimerUITests.swift in Sources */ = {isa = PBXBuildFile; fileRef = 718C363A2A67ED0600BD7E2B /* MinimumTimerUITests.swift */; };
		718C363D2A67ED0600BD7E2B /* MinimumTimerUITestsLaunchTests.swift in Sources */ = {isa = PBXBuildFile; fileRef = 718C363C2A67ED0600BD7E2B /* MinimumTimerUITestsLaunchTests.swift */; };
		718C364C2A67EFB100BD7E2B /* AlarmSetting.swift in Sources */ = {isa = PBXBuildFile; fileRef = 718C364B2A67EFB100BD7E2B /* AlarmSetting.swift */; };
		718C364E2A67F10500BD7E2B /* AlarmItem.swift in Sources */ = {isa = PBXBuildFile; fileRef = 718C364D2A67F10500BD7E2B /* AlarmItem.swift */; };
		718C36502A67F41200BD7E2B /* MasterItem.swift in Sources */ = {isa = PBXBuildFile; fileRef = 718C364F2A67F41200BD7E2B /* MasterItem.swift */; };
/* End PBXBuildFile section */

/* Begin PBXContainerItemProxy section */
		718C362D2A67ED0600BD7E2B /* PBXContainerItemProxy */ = {
			isa = PBXContainerItemProxy;
			containerPortal = 718C360E2A67ED0400BD7E2B /* Project object */;
			proxyType = 1;
			remoteGlobalIDString = 718C36152A67ED0400BD7E2B;
			remoteInfo = MinimumTimer;
		};
		718C36372A67ED0600BD7E2B /* PBXContainerItemProxy */ = {
			isa = PBXContainerItemProxy;
			containerPortal = 718C360E2A67ED0400BD7E2B /* Project object */;
			proxyType = 1;
			remoteGlobalIDString = 718C36152A67ED0400BD7E2B;
			remoteInfo = MinimumTimer;
		};
/* End PBXContainerItemProxy section */

/* Begin PBXFileReference section */
		718C36162A67ED0400BD7E2B /* MinimumTimer.app */ = {isa = PBXFileReference; explicitFileType = wrapper.application; includeInIndex = 0; path = MinimumTimer.app; sourceTree = BUILT_PRODUCTS_DIR; };
		718C36192A67ED0400BD7E2B /* AppDelegate.swift */ = {isa = PBXFileReference; lastKnownFileType = sourcecode.swift; path = AppDelegate.swift; sourceTree = "<group>"; };
		718C361B2A67ED0400BD7E2B /* SceneDelegate.swift */ = {isa = PBXFileReference; lastKnownFileType = sourcecode.swift; path = SceneDelegate.swift; sourceTree = "<group>"; };
		718C361D2A67ED0400BD7E2B /* ViewController.swift */ = {isa = PBXFileReference; lastKnownFileType = sourcecode.swift; path = ViewController.swift; sourceTree = "<group>"; };
		718C36202A67ED0400BD7E2B /* Base */ = {isa = PBXFileReference; lastKnownFileType = file.storyboard; name = Base; path = Base.lproj/Main.storyboard; sourceTree = "<group>"; };
		718C36222A67ED0600BD7E2B /* Assets.xcassets */ = {isa = PBXFileReference; lastKnownFileType = folder.assetcatalog; path = Assets.xcassets; sourceTree = "<group>"; };
		718C36252A67ED0600BD7E2B /* Base */ = {isa = PBXFileReference; lastKnownFileType = file.storyboard; name = Base; path = Base.lproj/LaunchScreen.storyboard; sourceTree = "<group>"; };
		718C36272A67ED0600BD7E2B /* Info.plist */ = {isa = PBXFileReference; lastKnownFileType = text.plist.xml; path = Info.plist; sourceTree = "<group>"; };
		718C362C2A67ED0600BD7E2B /* MinimumTimerTests.xctest */ = {isa = PBXFileReference; explicitFileType = wrapper.cfbundle; includeInIndex = 0; path = MinimumTimerTests.xctest; sourceTree = BUILT_PRODUCTS_DIR; };
		718C36302A67ED0600BD7E2B /* MinimumTimerTests.swift */ = {isa = PBXFileReference; lastKnownFileType = sourcecode.swift; path = MinimumTimerTests.swift; sourceTree = "<group>"; };
		718C36362A67ED0600BD7E2B /* MinimumTimerUITests.xctest */ = {isa = PBXFileReference; explicitFileType = wrapper.cfbundle; includeInIndex = 0; path = MinimumTimerUITests.xctest; sourceTree = BUILT_PRODUCTS_DIR; };
		718C363A2A67ED0600BD7E2B /* MinimumTimerUITests.swift */ = {isa = PBXFileReference; lastKnownFileType = sourcecode.swift; path = MinimumTimerUITests.swift; sourceTree = "<group>"; };
		718C363C2A67ED0600BD7E2B /* MinimumTimerUITestsLaunchTests.swift */ = {isa = PBXFileReference; lastKnownFileType = sourcecode.swift; path = MinimumTimerUITestsLaunchTests.swift; sourceTree = "<group>"; };
		718C364B2A67EFB100BD7E2B /* AlarmSetting.swift */ = {isa = PBXFileReference; lastKnownFileType = sourcecode.swift; path = AlarmSetting.swift; sourceTree = "<group>"; };
		718C364D2A67F10500BD7E2B /* AlarmItem.swift */ = {isa = PBXFileReference; lastKnownFileType = sourcecode.swift; path = AlarmItem.swift; sourceTree = "<group>"; };
		718C364F2A67F41200BD7E2B /* MasterItem.swift */ = {isa = PBXFileReference; lastKnownFileType = sourcecode.swift; path = MasterItem.swift; sourceTree = "<group>"; };
/* End PBXFileReference section */

/* Begin PBXFrameworksBuildPhase section */
		718C36132A67ED0400BD7E2B /* Frameworks */ = {
			isa = PBXFrameworksBuildPhase;
			buildActionMask = 2147483647;
			files = (
			);
			runOnlyForDeploymentPostprocessing = 0;
		};
		718C36292A67ED0600BD7E2B /* Frameworks */ = {
			isa = PBXFrameworksBuildPhase;
			buildActionMask = 2147483647;
			files = (
			);
			runOnlyForDeploymentPostprocessing = 0;
		};
		718C36332A67ED0600BD7E2B /* Frameworks */ = {
			isa = PBXFrameworksBuildPhase;
			buildActionMask = 2147483647;
			files = (
			);
			runOnlyForDeploymentPostprocessing = 0;
		};
/* End PBXFrameworksBuildPhase section */

/* Begin PBXGroup section */
		718C360D2A67ED0400BD7E2B = {
			isa = PBXGroup;
			children = (
				718C36182A67ED0400BD7E2B /* MinimumTimer */,
				718C362F2A67ED0600BD7E2B /* MinimumTimerTests */,
				718C36392A67ED0600BD7E2B /* MinimumTimerUITests */,
				718C36172A67ED0400BD7E2B /* Products */,
			);
			sourceTree = "<group>";
		};
		718C36172A67ED0400BD7E2B /* Products */ = {
			isa = PBXGroup;
			children = (
				718C36162A67ED0400BD7E2B /* MinimumTimer.app */,
				718C362C2A67ED0600BD7E2B /* MinimumTimerTests.xctest */,
				718C36362A67ED0600BD7E2B /* MinimumTimerUITests.xctest */,
			);
			name = Products;
			sourceTree = "<group>";
		};
		718C36182A67ED0400BD7E2B /* MinimumTimer */ = {
			isa = PBXGroup;
			children = (
				718C36512A67F41C00BD7E2B /* Model */,
				718C36192A67ED0400BD7E2B /* AppDelegate.swift */,
				718C361B2A67ED0400BD7E2B /* SceneDelegate.swift */,
				718C361D2A67ED0400BD7E2B /* ViewController.swift */,
				718C361F2A67ED0400BD7E2B /* Main.storyboard */,
				718C36222A67ED0600BD7E2B /* Assets.xcassets */,
				718C36242A67ED0600BD7E2B /* LaunchScreen.storyboard */,
				718C36272A67ED0600BD7E2B /* Info.plist */,
			);
			path = MinimumTimer;
			sourceTree = "<group>";
		};
		718C362F2A67ED0600BD7E2B /* MinimumTimerTests */ = {
			isa = PBXGroup;
			children = (
				718C36302A67ED0600BD7E2B /* MinimumTimerTests.swift */,
			);
			path = MinimumTimerTests;
			sourceTree = "<group>";
		};
		718C36392A67ED0600BD7E2B /* MinimumTimerUITests */ = {
			isa = PBXGroup;
			children = (
				718C363A2A67ED0600BD7E2B /* MinimumTimerUITests.swift */,
				718C363C2A67ED0600BD7E2B /* MinimumTimerUITestsLaunchTests.swift */,
			);
			path = MinimumTimerUITests;
			sourceTree = "<group>";
		};
		718C36512A67F41C00BD7E2B /* Model */ = {
			isa = PBXGroup;
			children = (
				718C364B2A67EFB100BD7E2B /* AlarmSetting.swift */,
				718C364D2A67F10500BD7E2B /* AlarmItem.swift */,
				718C364F2A67F41200BD7E2B /* MasterItem.swift */,
			);
			path = Model;
			sourceTree = "<group>";
		};
/* End PBXGroup section */

/* Begin PBXNativeTarget section */
		718C36152A67ED0400BD7E2B /* MinimumTimer */ = {
			isa = PBXNativeTarget;
			buildConfigurationList = 718C36402A67ED0600BD7E2B /* Build configuration list for PBXNativeTarget "MinimumTimer" */;
			buildPhases = (
				718C36122A67ED0400BD7E2B /* Sources */,
				718C36132A67ED0400BD7E2B /* Frameworks */,
				718C36142A67ED0400BD7E2B /* Resources */,
			);
			buildRules = (
			);
			dependencies = (
			);
			name = MinimumTimer;
			productName = MinimumTimer;
			productReference = 718C36162A67ED0400BD7E2B /* MinimumTimer.app */;
			productType = "com.apple.product-type.application";
		};
		718C362B2A67ED0600BD7E2B /* MinimumTimerTests */ = {
			isa = PBXNativeTarget;
			buildConfigurationList = 718C36432A67ED0600BD7E2B /* Build configuration list for PBXNativeTarget "MinimumTimerTests" */;
			buildPhases = (
				718C36282A67ED0600BD7E2B /* Sources */,
				718C36292A67ED0600BD7E2B /* Frameworks */,
				718C362A2A67ED0600BD7E2B /* Resources */,
			);
			buildRules = (
			);
			dependencies = (
				718C362E2A67ED0600BD7E2B /* PBXTargetDependency */,
			);
			name = MinimumTimerTests;
			productName = MinimumTimerTests;
			productReference = 718C362C2A67ED0600BD7E2B /* MinimumTimerTests.xctest */;
			productType = "com.apple.product-type.bundle.unit-test";
		};
		718C36352A67ED0600BD7E2B /* MinimumTimerUITests */ = {
			isa = PBXNativeTarget;
			buildConfigurationList = 718C36462A67ED0600BD7E2B /* Build configuration list for PBXNativeTarget "MinimumTimerUITests" */;
			buildPhases = (
				718C36322A67ED0600BD7E2B /* Sources */,
				718C36332A67ED0600BD7E2B /* Frameworks */,
				718C36342A67ED0600BD7E2B /* Resources */,
			);
			buildRules = (
			);
			dependencies = (
				718C36382A67ED0600BD7E2B /* PBXTargetDependency */,
			);
			name = MinimumTimerUITests;
			productName = MinimumTimerUITests;
			productReference = 718C36362A67ED0600BD7E2B /* MinimumTimerUITests.xctest */;
			productType = "com.apple.product-type.bundle.ui-testing";
		};
/* End PBXNativeTarget section */

/* Begin PBXProject section */
		718C360E2A67ED0400BD7E2B /* Project object */ = {
			isa = PBXProject;
			attributes = {
				BuildIndependentTargetsInParallel = 1;
				LastSwiftUpdateCheck = 1420;
				LastUpgradeCheck = 1420;
				TargetAttributes = {
					718C36152A67ED0400BD7E2B = {
						CreatedOnToolsVersion = 14.2;
					};
					718C362B2A67ED0600BD7E2B = {
						CreatedOnToolsVersion = 14.2;
						TestTargetID = 718C36152A67ED0400BD7E2B;
					};
					718C36352A67ED0600BD7E2B = {
						CreatedOnToolsVersion = 14.2;
						TestTargetID = 718C36152A67ED0400BD7E2B;
					};
				};
			};
			buildConfigurationList = 718C36112A67ED0400BD7E2B /* Build configuration list for PBXProject "MinimumTimer" */;
			compatibilityVersion = "Xcode 14.0";
			developmentRegion = en;
			hasScannedForEncodings = 0;
			knownRegions = (
				en,
				Base,
			);
			mainGroup = 718C360D2A67ED0400BD7E2B;
			productRefGroup = 718C36172A67ED0400BD7E2B /* Products */;
			projectDirPath = "";
			projectRoot = "";
			targets = (
				718C36152A67ED0400BD7E2B /* MinimumTimer */,
				718C362B2A67ED0600BD7E2B /* MinimumTimerTests */,
				718C36352A67ED0600BD7E2B /* MinimumTimerUITests */,
			);
		};
/* End PBXProject section */

/* Begin PBXResourcesBuildPhase section */
		718C36142A67ED0400BD7E2B /* Resources */ = {
			isa = PBXResourcesBuildPhase;
			buildActionMask = 2147483647;
			files = (
				718C36262A67ED0600BD7E2B /* LaunchScreen.storyboard in Resources */,
				718C36232A67ED0600BD7E2B /* Assets.xcassets in Resources */,
				718C36212A67ED0400BD7E2B /* Main.storyboard in Resources */,
			);
			runOnlyForDeploymentPostprocessing = 0;
		};
		718C362A2A67ED0600BD7E2B /* Resources */ = {
			isa = PBXResourcesBuildPhase;
			buildActionMask = 2147483647;
			files = (
			);
			runOnlyForDeploymentPostprocessing = 0;
		};
		718C36342A67ED0600BD7E2B /* Resources */ = {
			isa = PBXResourcesBuildPhase;
			buildActionMask = 2147483647;
			files = (
			);
			runOnlyForDeploymentPostprocessing = 0;
		};
/* End PBXResourcesBuildPhase section */

/* Begin PBXSourcesBuildPhase section */
		718C36122A67ED0400BD7E2B /* Sources */ = {
			isa = PBXSourcesBuildPhase;
			buildActionMask = 2147483647;
			files = (
				718C364E2A67F10500BD7E2B /* AlarmItem.swift in Sources */,
				718C364C2A67EFB100BD7E2B /* AlarmSetting.swift in Sources */,
				718C36502A67F41200BD7E2B /* MasterItem.swift in Sources */,
				718C361E2A67ED0400BD7E2B /* ViewController.swift in Sources */,
				718C361A2A67ED0400BD7E2B /* AppDelegate.swift in Sources */,
				718C361C2A67ED0400BD7E2B /* SceneDelegate.swift in Sources */,
			);
			runOnlyForDeploymentPostprocessing = 0;
		};
		718C36282A67ED0600BD7E2B /* Sources */ = {
			isa = PBXSourcesBuildPhase;
			buildActionMask = 2147483647;
			files = (
				718C36312A67ED0600BD7E2B /* MinimumTimerTests.swift in Sources */,
			);
			runOnlyForDeploymentPostprocessing = 0;
		};
		718C36322A67ED0600BD7E2B /* Sources */ = {
			isa = PBXSourcesBuildPhase;
			buildActionMask = 2147483647;
			files = (
				718C363B2A67ED0600BD7E2B /* MinimumTimerUITests.swift in Sources */,
				718C363D2A67ED0600BD7E2B /* MinimumTimerUITestsLaunchTests.swift in Sources */,
			);
			runOnlyForDeploymentPostprocessing = 0;
		};
/* End PBXSourcesBuildPhase section */

/* Begin PBXTargetDependency section */
		718C362E2A67ED0600BD7E2B /* PBXTargetDependency */ = {
			isa = PBXTargetDependency;
			target = 718C36152A67ED0400BD7E2B /* MinimumTimer */;
			targetProxy = 718C362D2A67ED0600BD7E2B /* PBXContainerItemProxy */;
		};
		718C36382A67ED0600BD7E2B /* PBXTargetDependency */ = {
			isa = PBXTargetDependency;
			target = 718C36152A67ED0400BD7E2B /* MinimumTimer */;
			targetProxy = 718C36372A67ED0600BD7E2B /* PBXContainerItemProxy */;
		};
/* End PBXTargetDependency section */

/* Begin PBXVariantGroup section */
		718C361F2A67ED0400BD7E2B /* Main.storyboard */ = {
			isa = PBXVariantGroup;
			children = (
				718C36202A67ED0400BD7E2B /* Base */,
			);
			name = Main.storyboard;
			sourceTree = "<group>";
		};
		718C36242A67ED0600BD7E2B /* LaunchScreen.storyboard */ = {
			isa = PBXVariantGroup;
			children = (
				718C36252A67ED0600BD7E2B /* Base */,
			);
			name = LaunchScreen.storyboard;
			sourceTree = "<group>";
		};
/* End PBXVariantGroup section */

/* Begin XCBuildConfiguration section */
		718C363E2A67ED0600BD7E2B /* Debug */ = {
			isa = XCBuildConfiguration;
			buildSettings = {
				ALWAYS_SEARCH_USER_PATHS = NO;
				CLANG_ANALYZER_NONNULL = YES;
				CLANG_ANALYZER_NUMBER_OBJECT_CONVERSION = YES_AGGRESSIVE;
				CLANG_CXX_LANGUAGE_STANDARD = "gnu++20";
				CLANG_ENABLE_MODULES = YES;
				CLANG_ENABLE_OBJC_ARC = YES;
				CLANG_ENABLE_OBJC_WEAK = YES;
				CLANG_WARN_BLOCK_CAPTURE_AUTORELEASING = YES;
				CLANG_WARN_BOOL_CONVERSION = YES;
				CLANG_WARN_COMMA = YES;
				CLANG_WARN_CONSTANT_CONVERSION = YES;
				CLANG_WARN_DEPRECATED_OBJC_IMPLEMENTATIONS = YES;
				CLANG_WARN_DIRECT_OBJC_ISA_USAGE = YES_ERROR;
				CLANG_WARN_DOCUMENTATION_COMMENTS = YES;
				CLANG_WARN_EMPTY_BODY = YES;
				CLANG_WARN_ENUM_CONVERSION = YES;
				CLANG_WARN_INFINITE_RECURSION = YES;
				CLANG_WARN_INT_CONVERSION = YES;
				CLANG_WARN_NON_LITERAL_NULL_CONVERSION = YES;
				CLANG_WARN_OBJC_IMPLICIT_RETAIN_SELF = YES;
				CLANG_WARN_OBJC_LITERAL_CONVERSION = YES;
				CLANG_WARN_OBJC_ROOT_CLASS = YES_ERROR;
				CLANG_WARN_QUOTED_INCLUDE_IN_FRAMEWORK_HEADER = YES;
				CLANG_WARN_RANGE_LOOP_ANALYSIS = YES;
				CLANG_WARN_STRICT_PROTOTYPES = YES;
				CLANG_WARN_SUSPICIOUS_MOVE = YES;
				CLANG_WARN_UNGUARDED_AVAILABILITY = YES_AGGRESSIVE;
				CLANG_WARN_UNREACHABLE_CODE = YES;
				CLANG_WARN__DUPLICATE_METHOD_MATCH = YES;
				COPY_PHASE_STRIP = NO;
				DEBUG_INFORMATION_FORMAT = dwarf;
				ENABLE_STRICT_OBJC_MSGSEND = YES;
				ENABLE_TESTABILITY = YES;
				GCC_C_LANGUAGE_STANDARD = gnu11;
				GCC_DYNAMIC_NO_PIC = NO;
				GCC_NO_COMMON_BLOCKS = YES;
				GCC_OPTIMIZATION_LEVEL = 0;
				GCC_PREPROCESSOR_DEFINITIONS = (
					"DEBUG=1",
					"$(inherited)",
				);
				GCC_WARN_64_TO_32_BIT_CONVERSION = YES;
				GCC_WARN_ABOUT_RETURN_TYPE = YES_ERROR;
				GCC_WARN_UNDECLARED_SELECTOR = YES;
				GCC_WARN_UNINITIALIZED_AUTOS = YES_AGGRESSIVE;
				GCC_WARN_UNUSED_FUNCTION = YES;
				GCC_WARN_UNUSED_VARIABLE = YES;
				IPHONEOS_DEPLOYMENT_TARGET = 16.2;
				MTL_ENABLE_DEBUG_INFO = INCLUDE_SOURCE;
				MTL_FAST_MATH = YES;
				ONLY_ACTIVE_ARCH = YES;
				SDKROOT = iphoneos;
				SWIFT_ACTIVE_COMPILATION_CONDITIONS = DEBUG;
				SWIFT_OPTIMIZATION_LEVEL = "-Onone";
			};
			name = Debug;
		};
		718C363F2A67ED0600BD7E2B /* Release */ = {
			isa = XCBuildConfiguration;
			buildSettings = {
				ALWAYS_SEARCH_USER_PATHS = NO;
				CLANG_ANALYZER_NONNULL = YES;
				CLANG_ANALYZER_NUMBER_OBJECT_CONVERSION = YES_AGGRESSIVE;
				CLANG_CXX_LANGUAGE_STANDARD = "gnu++20";
				CLANG_ENABLE_MODULES = YES;
				CLANG_ENABLE_OBJC_ARC = YES;
				CLANG_ENABLE_OBJC_WEAK = YES;
				CLANG_WARN_BLOCK_CAPTURE_AUTORELEASING = YES;
				CLANG_WARN_BOOL_CONVERSION = YES;
				CLANG_WARN_COMMA = YES;
				CLANG_WARN_CONSTANT_CONVERSION = YES;
				CLANG_WARN_DEPRECATED_OBJC_IMPLEMENTATIONS = YES;
				CLANG_WARN_DIRECT_OBJC_ISA_USAGE = YES_ERROR;
				CLANG_WARN_DOCUMENTATION_COMMENTS = YES;
				CLANG_WARN_EMPTY_BODY = YES;
				CLANG_WARN_ENUM_CONVERSION = YES;
				CLANG_WARN_INFINITE_RECURSION = YES;
				CLANG_WARN_INT_CONVERSION = YES;
				CLANG_WARN_NON_LITERAL_NULL_CONVERSION = YES;
				CLANG_WARN_OBJC_IMPLICIT_RETAIN_SELF = YES;
				CLANG_WARN_OBJC_LITERAL_CONVERSION = YES;
				CLANG_WARN_OBJC_ROOT_CLASS = YES_ERROR;
				CLANG_WARN_QUOTED_INCLUDE_IN_FRAMEWORK_HEADER = YES;
				CLANG_WARN_RANGE_LOOP_ANALYSIS = YES;
				CLANG_WARN_STRICT_PROTOTYPES = YES;
				CLANG_WARN_SUSPICIOUS_MOVE = YES;
				CLANG_WARN_UNGUARDED_AVAILABILITY = YES_AGGRESSIVE;
				CLANG_WARN_UNREACHABLE_CODE = YES;
				CLANG_WARN__DUPLICATE_METHOD_MATCH = YES;
				COPY_PHASE_STRIP = NO;
				DEBUG_INFORMATION_FORMAT = "dwarf-with-dsym";
				ENABLE_NS_ASSERTIONS = NO;
				ENABLE_STRICT_OBJC_MSGSEND = YES;
				GCC_C_LANGUAGE_STANDARD = gnu11;
				GCC_NO_COMMON_BLOCKS = YES;
				GCC_WARN_64_TO_32_BIT_CONVERSION = YES;
				GCC_WARN_ABOUT_RETURN_TYPE = YES_ERROR;
				GCC_WARN_UNDECLARED_SELECTOR = YES;
				GCC_WARN_UNINITIALIZED_AUTOS = YES_AGGRESSIVE;
				GCC_WARN_UNUSED_FUNCTION = YES;
				GCC_WARN_UNUSED_VARIABLE = YES;
				IPHONEOS_DEPLOYMENT_TARGET = 16.2;
				MTL_ENABLE_DEBUG_INFO = NO;
				MTL_FAST_MATH = YES;
				SDKROOT = iphoneos;
				SWIFT_COMPILATION_MODE = wholemodule;
				SWIFT_OPTIMIZATION_LEVEL = "-O";
				VALIDATE_PRODUCT = YES;
			};
			name = Release;
		};
		718C36412A67ED0600BD7E2B /* Debug */ = {
			isa = XCBuildConfiguration;
			buildSettings = {
				ASSETCATALOG_COMPILER_APPICON_NAME = AppIcon;
				ASSETCATALOG_COMPILER_GLOBAL_ACCENT_COLOR_NAME = AccentColor;
				CODE_SIGN_STYLE = Automatic;
				CURRENT_PROJECT_VERSION = 1;
				DEVELOPMENT_TEAM = 5ZS6V62UYT;
				GENERATE_INFOPLIST_FILE = YES;
				INFOPLIST_FILE = MinimumTimer/Info.plist;
				INFOPLIST_KEY_UIApplicationSupportsIndirectInputEvents = YES;
				INFOPLIST_KEY_UILaunchStoryboardName = LaunchScreen;
				INFOPLIST_KEY_UIMainStoryboardFile = Main;
				INFOPLIST_KEY_UISupportedInterfaceOrientations_iPad = "UIInterfaceOrientationPortrait UIInterfaceOrientationPortraitUpsideDown UIInterfaceOrientationLandscapeLeft UIInterfaceOrientationLandscapeRight";
				INFOPLIST_KEY_UISupportedInterfaceOrientations_iPhone = "UIInterfaceOrientationPortrait UIInterfaceOrientationLandscapeLeft UIInterfaceOrientationLandscapeRight";
				LD_RUNPATH_SEARCH_PATHS = (
					"$(inherited)",
					"@executable_path/Frameworks",
				);
				MARKETING_VERSION = 1.0;
				PRODUCT_BUNDLE_IDENTIFIER = "com.ios-academia.MinimumTimer";
				PRODUCT_NAME = "$(TARGET_NAME)";
				SWIFT_EMIT_LOC_STRINGS = YES;
				SWIFT_VERSION = 5.0;
				TARGETED_DEVICE_FAMILY = "1,2";
			};
			name = Debug;
		};
		718C36422A67ED0600BD7E2B /* Release */ = {
			isa = XCBuildConfiguration;
			buildSettings = {
				ASSETCATALOG_COMPILER_APPICON_NAME = AppIcon;
				ASSETCATALOG_COMPILER_GLOBAL_ACCENT_COLOR_NAME = AccentColor;
				CODE_SIGN_STYLE = Automatic;
				CURRENT_PROJECT_VERSION = 1;
				DEVELOPMENT_TEAM = 5ZS6V62UYT;
				GENERATE_INFOPLIST_FILE = YES;
				INFOPLIST_FILE = MinimumTimer/Info.plist;
				INFOPLIST_KEY_UIApplicationSupportsIndirectInputEvents = YES;
				INFOPLIST_KEY_UILaunchStoryboardName = LaunchScreen;
				INFOPLIST_KEY_UIMainStoryboardFile = Main;
				INFOPLIST_KEY_UISupportedInterfaceOrientations_iPad = "UIInterfaceOrientationPortrait UIInterfaceOrientationPortraitUpsideDown UIInterfaceOrientationLandscapeLeft UIInterfaceOrientationLandscapeRight";
				INFOPLIST_KEY_UISupportedInterfaceOrientations_iPhone = "UIInterfaceOrientationPortrait UIInterfaceOrientationLandscapeLeft UIInterfaceOrientationLandscapeRight";
				LD_RUNPATH_SEARCH_PATHS = (
					"$(inherited)",
					"@executable_path/Frameworks",
				);
				MARKETING_VERSION = 1.0;
				PRODUCT_BUNDLE_IDENTIFIER = "com.ios-academia.MinimumTimer";
				PRODUCT_NAME = "$(TARGET_NAME)";
				SWIFT_EMIT_LOC_STRINGS = YES;
				SWIFT_VERSION = 5.0;
				TARGETED_DEVICE_FAMILY = "1,2";
			};
			name = Release;
		};
		718C36442A67ED0600BD7E2B /* Debug */ = {
			isa = XCBuildConfiguration;
			buildSettings = {
				ALWAYS_EMBED_SWIFT_STANDARD_LIBRARIES = YES;
				BUNDLE_LOADER = "$(TEST_HOST)";
				CODE_SIGN_STYLE = Automatic;
				CURRENT_PROJECT_VERSION = 1;
				DEVELOPMENT_TEAM = 5ZS6V62UYT;
				GENERATE_INFOPLIST_FILE = YES;
				IPHONEOS_DEPLOYMENT_TARGET = 16.2;
				MARKETING_VERSION = 1.0;
				PRODUCT_BUNDLE_IDENTIFIER = "com.ios-academia.MinimumTimerTests";
				PRODUCT_NAME = "$(TARGET_NAME)";
				SWIFT_EMIT_LOC_STRINGS = NO;
				SWIFT_VERSION = 5.0;
				TARGETED_DEVICE_FAMILY = "1,2";
				TEST_HOST = "$(BUILT_PRODUCTS_DIR)/MinimumTimer.app/$(BUNDLE_EXECUTABLE_FOLDER_PATH)/MinimumTimer";
			};
			name = Debug;
		};
		718C36452A67ED0600BD7E2B /* Release */ = {
			isa = XCBuildConfiguration;
			buildSettings = {
				ALWAYS_EMBED_SWIFT_STANDARD_LIBRARIES = YES;
				BUNDLE_LOADER = "$(TEST_HOST)";
				CODE_SIGN_STYLE = Automatic;
				CURRENT_PROJECT_VERSION = 1;
				DEVELOPMENT_TEAM = 5ZS6V62UYT;
				GENERATE_INFOPLIST_FILE = YES;
				IPHONEOS_DEPLOYMENT_TARGET = 16.2;
				MARKETING_VERSION = 1.0;
				PRODUCT_BUNDLE_IDENTIFIER = "com.ios-academia.MinimumTimerTests";
				PRODUCT_NAME = "$(TARGET_NAME)";
				SWIFT_EMIT_LOC_STRINGS = NO;
				SWIFT_VERSION = 5.0;
				TARGETED_DEVICE_FAMILY = "1,2";
				TEST_HOST = "$(BUILT_PRODUCTS_DIR)/MinimumTimer.app/$(BUNDLE_EXECUTABLE_FOLDER_PATH)/MinimumTimer";
			};
			name = Release;
		};
		718C36472A67ED0600BD7E2B /* Debug */ = {
			isa = XCBuildConfiguration;
			buildSettings = {
				ALWAYS_EMBED_SWIFT_STANDARD_LIBRARIES = YES;
				CODE_SIGN_STYLE = Automatic;
				CURRENT_PROJECT_VERSION = 1;
				DEVELOPMENT_TEAM = 5ZS6V62UYT;
				GENERATE_INFOPLIST_FILE = YES;
				MARKETING_VERSION = 1.0;
				PRODUCT_BUNDLE_IDENTIFIER = "com.ios-academia.MinimumTimerUITests";
				PRODUCT_NAME = "$(TARGET_NAME)";
				SWIFT_EMIT_LOC_STRINGS = NO;
				SWIFT_VERSION = 5.0;
				TARGETED_DEVICE_FAMILY = "1,2";
				TEST_TARGET_NAME = MinimumTimer;
			};
			name = Debug;
		};
		718C36482A67ED0600BD7E2B /* Release */ = {
			isa = XCBuildConfiguration;
			buildSettings = {
				ALWAYS_EMBED_SWIFT_STANDARD_LIBRARIES = YES;
				CODE_SIGN_STYLE = Automatic;
				CURRENT_PROJECT_VERSION = 1;
				DEVELOPMENT_TEAM = 5ZS6V62UYT;
				GENERATE_INFOPLIST_FILE = YES;
				MARKETING_VERSION = 1.0;
				PRODUCT_BUNDLE_IDENTIFIER = "com.ios-academia.MinimumTimerUITests";
				PRODUCT_NAME = "$(TARGET_NAME)";
				SWIFT_EMIT_LOC_STRINGS = NO;
				SWIFT_VERSION = 5.0;
				TARGETED_DEVICE_FAMILY = "1,2";
				TEST_TARGET_NAME = MinimumTimer;
			};
			name = Release;
		};
/* End XCBuildConfiguration section */

/* Begin XCConfigurationList section */
		718C36112A67ED0400BD7E2B /* Build configuration list for PBXProject "MinimumTimer" */ = {
			isa = XCConfigurationList;
			buildConfigurations = (
				718C363E2A67ED0600BD7E2B /* Debug */,
				718C363F2A67ED0600BD7E2B /* Release */,
			);
			defaultConfigurationIsVisible = 0;
			defaultConfigurationName = Release;
		};
		718C36402A67ED0600BD7E2B /* Build configuration list for PBXNativeTarget "MinimumTimer" */ = {
			isa = XCConfigurationList;
			buildConfigurations = (
				718C36412A67ED0600BD7E2B /* Debug */,
				718C36422A67ED0600BD7E2B /* Release */,
			);
			defaultConfigurationIsVisible = 0;
			defaultConfigurationName = Release;
		};
		718C36432A67ED0600BD7E2B /* Build configuration list for PBXNativeTarget "MinimumTimerTests" */ = {
			isa = XCConfigurationList;
			buildConfigurations = (
				718C36442A67ED0600BD7E2B /* Debug */,
				718C36452A67ED0600BD7E2B /* Release */,
			);
			defaultConfigurationIsVisible = 0;
			defaultConfigurationName = Release;
		};
		718C36462A67ED0600BD7E2B /* Build configuration list for PBXNativeTarget "MinimumTimerUITests" */ = {
			isa = XCConfigurationList;
			buildConfigurations = (
				718C36472A67ED0600BD7E2B /* Debug */,
				718C36482A67ED0600BD7E2B /* Release */,
			);
			defaultConfigurationIsVisible = 0;
			defaultConfigurationName = Release;
		};
/* End XCConfigurationList section */
	};
	rootObject = 718C360E2A67ED0400BD7E2B /* Project object */;
}
